
Microsoft Visual Studio Solution File, Format Version 12.00
# Visual Studio 15
VisualStudioVersion = 15.0.28307.852
MinimumVisualStudioVersion = 10.0.40219.1
Project("{FAE04EC0-301F-11D3-BF4B-00C04F79EFBC}") = "Taxi.Common", "..\Taxi.Common\Taxi.Common.csproj", "{E0F831E8-7E7A-47D1-B3DD-A588399EC869}"
EndProject
Project("{FAE04EC0-301F-11D3-BF4B-00C04F79EFBC}") = "Taxi.Web", "Taxi.Web\Taxi.Web.csproj", "{5ECF4CCA-05FB-42CC-9E29-A3290D1CC240}"
EndProject
Project("{FAE04EC0-301F-11D3-BF4B-00C04F79EFBC}") = "Taxi.Prism", "Taxi.Prism\Taxi.Prism\Taxi.Prism.csproj", "{CF5C1420-DD44-4482-A367-93098B8ADCA1}"
EndProject
Project("{FAE04EC0-301F-11D3-BF4B-00C04F79EFBC}") = "Taxi.Prism.Android", "Taxi.Prism\Taxi.Prism.Android\Taxi.Prism.Android.csproj", "{AC8B018B-5E0C-4EBF-B423-FE24E86ADD4E}"
EndProject
Project("{FAE04EC0-301F-11D3-BF4B-00C04F79EFBC}") = "Taxi.Prism.iOS", "Taxi.Prism\Taxi.Prism.iOS\Taxi.Prism.iOS.csproj", "{B7A2AC13-4CBF-436C-A10B-2A6541204D4C}"
EndProject
Project("{FAE04EC0-301F-11D3-BF4B-00C04F79EFBC}") = "Taxi.Cross.Android", "Taxi.Cross.Android\Taxi.Cross.Android.csproj", "{3280A5E5-F20F-4246-9874-1F7CECA3FB13}"
EndProject
Project("{FAE04EC0-301F-11D3-BF4B-00C04F79EFBC}") = "Taxi.Cross.iOS", "Taxi.Cross.iOS\Taxi.Cross.iOS.csproj", "{80A96B52-6758-4BDB-B0B4-CEA4CA155C60}"
EndProject
Global
	GlobalSection(SolutionConfigurationPlatforms) = preSolution
		Ad-Hoc|Any CPU = Ad-Hoc|Any CPU
		Ad-Hoc|iPhone = Ad-Hoc|iPhone
		Ad-Hoc|iPhoneSimulator = Ad-Hoc|iPhoneSimulator
		AppStore|Any CPU = AppStore|Any CPU
		AppStore|iPhone = AppStore|iPhone
		AppStore|iPhoneSimulator = AppStore|iPhoneSimulator
		Debug|Any CPU = Debug|Any CPU
		Debug|iPhone = Debug|iPhone
		Debug|iPhoneSimulator = Debug|iPhoneSimulator
		Release|Any CPU = Release|Any CPU
		Release|iPhone = Release|iPhone
		Release|iPhoneSimulator = Release|iPhoneSimulator
	EndGlobalSection
	GlobalSection(ProjectConfigurationPlatforms) = postSolution
		{E0F831E8-7E7A-47D1-B3DD-A588399EC869}.Ad-Hoc|Any CPU.ActiveCfg = Debug|Any CPU
		{E0F831E8-7E7A-47D1-B3DD-A588399EC869}.Ad-Hoc|Any CPU.Build.0 = Debug|Any CPU
		{E0F831E8-7E7A-47D1-B3DD-A588399EC869}.Ad-Hoc|iPhone.ActiveCfg = Debug|Any CPU
		{E0F831E8-7E7A-47D1-B3DD-A588399EC869}.Ad-Hoc|iPhone.Build.0 = Debug|Any CPU
		{E0F831E8-7E7A-47D1-B3DD-A588399EC869}.Ad-Hoc|iPhoneSimulator.ActiveCfg = Debug|Any CPU
		{E0F831E8-7E7A-47D1-B3DD-A588399EC869}.Ad-Hoc|iPhoneSimulator.Build.0 = Debug|Any CPU
		{E0F831E8-7E7A-47D1-B3DD-A588399EC869}.AppStore|Any CPU.ActiveCfg = Debug|Any CPU
		{E0F831E8-7E7A-47D1-B3DD-A588399EC869}.AppStore|Any CPU.Build.0 = Debug|Any CPU
		{E0F831E8-7E7A-47D1-B3DD-A588399EC869}.AppStore|iPhone.ActiveCfg = Debug|Any CPU
		{E0F831E8-7E7A-47D1-B3DD-A588399EC869}.AppStore|iPhone.Build.0 = Debug|Any CPU
		{E0F831E8-7E7A-47D1-B3DD-A588399EC869}.AppStore|iPhoneSimulator.ActiveCfg = Debug|Any CPU
		{E0F831E8-7E7A-47D1-B3DD-A588399EC869}.AppStore|iPhoneSimulator.Build.0 = Debug|Any CPU
		{E0F831E8-7E7A-47D1-B3DD-A588399EC869}.Debug|Any CPU.ActiveCfg = Debug|Any CPU
		{E0F831E8-7E7A-47D1-B3DD-A588399EC869}.Debug|Any CPU.Build.0 = Debug|Any CPU
		{E0F831E8-7E7A-47D1-B3DD-A588399EC869}.Debug|iPhone.ActiveCfg = Debug|Any CPU
		{E0F831E8-7E7A-47D1-B3DD-A588399EC869}.Debug|iPhone.Build.0 = Debug|Any CPU
		{E0F831E8-7E7A-47D1-B3DD-A588399EC869}.Debug|iPhoneSimulator.ActiveCfg = Debug|Any CPU
		{E0F831E8-7E7A-47D1-B3DD-A588399EC869}.Debug|iPhoneSimulator.Build.0 = Debug|Any CPU
		{E0F831E8-7E7A-47D1-B3DD-A588399EC869}.Release|Any CPU.ActiveCfg = Release|Any CPU
		{E0F831E8-7E7A-47D1-B3DD-A588399EC869}.Release|Any CPU.Build.0 = Release|Any CPU
		{E0F831E8-7E7A-47D1-B3DD-A588399EC869}.Release|iPhone.ActiveCfg = Release|Any CPU
		{E0F831E8-7E7A-47D1-B3DD-A588399EC869}.Release|iPhone.Build.0 = Release|Any CPU
		{E0F831E8-7E7A-47D1-B3DD-A588399EC869}.Release|iPhoneSimulator.ActiveCfg = Release|Any CPU
		{E0F831E8-7E7A-47D1-B3DD-A588399EC869}.Release|iPhoneSimulator.Build.0 = Release|Any CPU
		{5ECF4CCA-05FB-42CC-9E29-A3290D1CC240}.Ad-Hoc|Any CPU.ActiveCfg = Debug|Any CPU
		{5ECF4CCA-05FB-42CC-9E29-A3290D1CC240}.Ad-Hoc|Any CPU.Build.0 = Debug|Any CPU
		{5ECF4CCA-05FB-42CC-9E29-A3290D1CC240}.Ad-Hoc|iPhone.ActiveCfg = Debug|Any CPU
		{5ECF4CCA-05FB-42CC-9E29-A3290D1CC240}.Ad-Hoc|iPhone.Build.0 = Debug|Any CPU
		{5ECF4CCA-05FB-42CC-9E29-A3290D1CC240}.Ad-Hoc|iPhoneSimulator.ActiveCfg = Debug|Any CPU
		{5ECF4CCA-05FB-42CC-9E29-A3290D1CC240}.Ad-Hoc|iPhoneSimulator.Build.0 = Debug|Any CPU
		{5ECF4CCA-05FB-42CC-9E29-A3290D1CC240}.AppStore|Any CPU.ActiveCfg = Debug|Any CPU
		{5ECF4CCA-05FB-42CC-9E29-A3290D1CC240}.AppStore|Any CPU.Build.0 = Debug|Any CPU
		{5ECF4CCA-05FB-42CC-9E29-A3290D1CC240}.AppStore|iPhone.ActiveCfg = Debug|Any CPU
		{5ECF4CCA-05FB-42CC-9E29-A3290D1CC240}.AppStore|iPhone.Build.0 = Debug|Any CPU
		{5ECF4CCA-05FB-42CC-9E29-A3290D1CC240}.AppStore|iPhoneSimulator.ActiveCfg = Debug|Any CPU
		{5ECF4CCA-05FB-42CC-9E29-A3290D1CC240}.AppStore|iPhoneSimulator.Build.0 = Debug|Any CPU
		{5ECF4CCA-05FB-42CC-9E29-A3290D1CC240}.Debug|Any CPU.ActiveCfg = Debug|Any CPU
		{5ECF4CCA-05FB-42CC-9E29-A3290D1CC240}.Debug|Any CPU.Build.0 = Debug|Any CPU
		{5ECF4CCA-05FB-42CC-9E29-A3290D1CC240}.Debug|iPhone.ActiveCfg = Debug|Any CPU
		{5ECF4CCA-05FB-42CC-9E29-A3290D1CC240}.Debug|iPhone.Build.0 = Debug|Any CPU
		{5ECF4CCA-05FB-42CC-9E29-A3290D1CC240}.Debug|iPhoneSimulator.ActiveCfg = Debug|Any CPU
		{5ECF4CCA-05FB-42CC-9E29-A3290D1CC240}.Debug|iPhoneSimulator.Build.0 = Debug|Any CPU
		{5ECF4CCA-05FB-42CC-9E29-A3290D1CC240}.Release|Any CPU.ActiveCfg = Release|Any CPU
		{5ECF4CCA-05FB-42CC-9E29-A3290D1CC240}.Release|Any CPU.Build.0 = Release|Any CPU
		{5ECF4CCA-05FB-42CC-9E29-A3290D1CC240}.Release|iPhone.ActiveCfg = Release|Any CPU
		{5ECF4CCA-05FB-42CC-9E29-A3290D1CC240}.Release|iPhone.Build.0 = Release|Any CPU
		{5ECF4CCA-05FB-42CC-9E29-A3290D1CC240}.Release|iPhoneSimulator.ActiveCfg = Release|Any CPU
		{5ECF4CCA-05FB-42CC-9E29-A3290D1CC240}.Release|iPhoneSimulator.Build.0 = Release|Any CPU
		{CF5C1420-DD44-4482-A367-93098B8ADCA1}.Ad-Hoc|Any CPU.ActiveCfg = Debug|Any CPU
		{CF5C1420-DD44-4482-A367-93098B8ADCA1}.Ad-Hoc|Any CPU.Build.0 = Debug|Any CPU
		{CF5C1420-DD44-4482-A367-93098B8ADCA1}.Ad-Hoc|iPhone.ActiveCfg = Debug|Any CPU
		{CF5C1420-DD44-4482-A367-93098B8ADCA1}.Ad-Hoc|iPhone.Build.0 = Debug|Any CPU
		{CF5C1420-DD44-4482-A367-93098B8ADCA1}.Ad-Hoc|iPhoneSimulator.ActiveCfg = Debug|Any CPU
		{CF5C1420-DD44-4482-A367-93098B8ADCA1}.Ad-Hoc|iPhoneSimulator.Build.0 = Debug|Any CPU
		{CF5C1420-DD44-4482-A367-93098B8ADCA1}.AppStore|Any CPU.ActiveCfg = Debug|Any CPU
		{CF5C1420-DD44-4482-A367-93098B8ADCA1}.AppStore|Any CPU.Build.0 = Debug|Any CPU
		{CF5C1420-DD44-4482-A367-93098B8ADCA1}.AppStore|iPhone.ActiveCfg = Debug|Any CPU
		{CF5C1420-DD44-4482-A367-93098B8ADCA1}.AppStore|iPhone.Build.0 = Debug|Any CPU
		{CF5C1420-DD44-4482-A367-93098B8ADCA1}.AppStore|iPhoneSimulator.ActiveCfg = Debug|Any CPU
		{CF5C1420-DD44-4482-A367-93098B8ADCA1}.AppStore|iPhoneSimulator.Build.0 = Debug|Any CPU
		{CF5C1420-DD44-4482-A367-93098B8ADCA1}.Debug|Any CPU.ActiveCfg = Debug|Any CPU
		{CF5C1420-DD44-4482-A367-93098B8ADCA1}.Debug|Any CPU.Build.0 = Debug|Any CPU
		{CF5C1420-DD44-4482-A367-93098B8ADCA1}.Debug|iPhone.ActiveCfg = Debug|Any CPU
		{CF5C1420-DD44-4482-A367-93098B8ADCA1}.Debug|iPhone.Build.0 = Debug|Any CPU
		{CF5C1420-DD44-4482-A367-93098B8ADCA1}.Debug|iPhoneSimulator.ActiveCfg = Debug|Any CPU
		{CF5C1420-DD44-4482-A367-93098B8ADCA1}.Debug|iPhoneSimulator.Build.0 = Debug|Any CPU
		{CF5C1420-DD44-4482-A367-93098B8ADCA1}.Release|Any CPU.ActiveCfg = Release|Any CPU
		{CF5C1420-DD44-4482-A367-93098B8ADCA1}.Release|Any CPU.Build.0 = Release|Any CPU
		{CF5C1420-DD44-4482-A367-93098B8ADCA1}.Release|iPhone.ActiveCfg = Release|Any CPU
		{CF5C1420-DD44-4482-A367-93098B8ADCA1}.Release|iPhone.Build.0 = Release|Any CPU
		{CF5C1420-DD44-4482-A367-93098B8ADCA1}.Release|iPhoneSimulator.ActiveCfg = Release|Any CPU
		{CF5C1420-DD44-4482-A367-93098B8ADCA1}.Release|iPhoneSimulator.Build.0 = Release|Any CPU
		{AC8B018B-5E0C-4EBF-B423-FE24E86ADD4E}.Ad-Hoc|Any CPU.ActiveCfg = Release|Any CPU
		{AC8B018B-5E0C-4EBF-B423-FE24E86ADD4E}.Ad-Hoc|Any CPU.Build.0 = Release|Any CPU
		{AC8B018B-5E0C-4EBF-B423-FE24E86ADD4E}.Ad-Hoc|Any CPU.Deploy.0 = Release|Any CPU
		{AC8B018B-5E0C-4EBF-B423-FE24E86ADD4E}.Ad-Hoc|iPhone.ActiveCfg = Release|Any CPU
		{AC8B018B-5E0C-4EBF-B423-FE24E86ADD4E}.Ad-Hoc|iPhone.Build.0 = Release|Any CPU
		{AC8B018B-5E0C-4EBF-B423-FE24E86ADD4E}.Ad-Hoc|iPhone.Deploy.0 = Release|Any CPU
		{AC8B018B-5E0C-4EBF-B423-FE24E86ADD4E}.Ad-Hoc|iPhoneSimulator.ActiveCfg = Release|Any CPU
		{AC8B018B-5E0C-4EBF-B423-FE24E86ADD4E}.Ad-Hoc|iPhoneSimulator.Build.0 = Release|Any CPU
		{AC8B018B-5E0C-4EBF-B423-FE24E86ADD4E}.Ad-Hoc|iPhoneSimulator.Deploy.0 = Release|Any CPU
		{AC8B018B-5E0C-4EBF-B423-FE24E86ADD4E}.AppStore|Any CPU.ActiveCfg = Release|Any CPU
		{AC8B018B-5E0C-4EBF-B423-FE24E86ADD4E}.AppStore|Any CPU.Build.0 = Release|Any CPU
		{AC8B018B-5E0C-4EBF-B423-FE24E86ADD4E}.AppStore|Any CPU.Deploy.0 = Release|Any CPU
		{AC8B018B-5E0C-4EBF-B423-FE24E86ADD4E}.AppStore|iPhone.ActiveCfg = Release|Any CPU
		{AC8B018B-5E0C-4EBF-B423-FE24E86ADD4E}.AppStore|iPhone.Build.0 = Release|Any CPU
		{AC8B018B-5E0C-4EBF-B423-FE24E86ADD4E}.AppStore|iPhone.Deploy.0 = Release|Any CPU
		{AC8B018B-5E0C-4EBF-B423-FE24E86ADD4E}.AppStore|iPhoneSimulator.ActiveCfg = Release|Any CPU
		{AC8B018B-5E0C-4EBF-B423-FE24E86ADD4E}.AppStore|iPhoneSimulator.Build.0 = Release|Any CPU
		{AC8B018B-5E0C-4EBF-B423-FE24E86ADD4E}.AppStore|iPhoneSimulator.Deploy.0 = Release|Any CPU
		{AC8B018B-5E0C-4EBF-B423-FE24E86ADD4E}.Debug|Any CPU.ActiveCfg = Debug|Any CPU
		{AC8B018B-5E0C-4EBF-B423-FE24E86ADD4E}.Debug|Any CPU.Build.0 = Debug|Any CPU
		{AC8B018B-5E0C-4EBF-B423-FE24E86ADD4E}.Debug|Any CPU.Deploy.0 = Debug|Any CPU
		{AC8B018B-5E0C-4EBF-B423-FE24E86ADD4E}.Debug|iPhone.ActiveCfg = Debug|Any CPU
		{AC8B018B-5E0C-4EBF-B423-FE24E86ADD4E}.Debug|iPhone.Build.0 = Debug|Any CPU
		{AC8B018B-5E0C-4EBF-B423-FE24E86ADD4E}.Debug|iPhone.Deploy.0 = Debug|Any CPU
		{AC8B018B-5E0C-4EBF-B423-FE24E86ADD4E}.Debug|iPhoneSimulator.ActiveCfg = Debug|Any CPU
		{AC8B018B-5E0C-4EBF-B423-FE24E86ADD4E}.Debug|iPhoneSimulator.Build.0 = Debug|Any CPU
		{AC8B018B-5E0C-4EBF-B423-FE24E86ADD4E}.Debug|iPhoneSimulator.Deploy.0 = Debug|Any CPU
		{AC8B018B-5E0C-4EBF-B423-FE24E86ADD4E}.Release|Any CPU.ActiveCfg = Release|Any CPU
		{AC8B018B-5E0C-4EBF-B423-FE24E86ADD4E}.Release|Any CPU.Build.0 = Release|Any CPU
		{AC8B018B-5E0C-4EBF-B423-FE24E86ADD4E}.Release|Any CPU.Deploy.0 = Release|Any CPU
		{AC8B018B-5E0C-4EBF-B423-FE24E86ADD4E}.Release|iPhone.ActiveCfg = Release|Any CPU
		{AC8B018B-5E0C-4EBF-B423-FE24E86ADD4E}.Release|iPhone.Build.0 = Release|Any CPU
		{AC8B018B-5E0C-4EBF-B423-FE24E86ADD4E}.Release|iPhone.Deploy.0 = Release|Any CPU
		{AC8B018B-5E0C-4EBF-B423-FE24E86ADD4E}.Release|iPhoneSimulator.ActiveCfg = Release|Any CPU
		{AC8B018B-5E0C-4EBF-B423-FE24E86ADD4E}.Release|iPhoneSimulator.Build.0 = Release|Any CPU
		{AC8B018B-5E0C-4EBF-B423-FE24E86ADD4E}.Release|iPhoneSimulator.Deploy.0 = Release|Any CPU
		{B7A2AC13-4CBF-436C-A10B-2A6541204D4C}.Ad-Hoc|Any CPU.ActiveCfg = Ad-Hoc|iPhone
		{B7A2AC13-4CBF-436C-A10B-2A6541204D4C}.Ad-Hoc|iPhone.ActiveCfg = Ad-Hoc|iPhone
		{B7A2AC13-4CBF-436C-A10B-2A6541204D4C}.Ad-Hoc|iPhone.Build.0 = Ad-Hoc|iPhone
		{B7A2AC13-4CBF-436C-A10B-2A6541204D4C}.Ad-Hoc|iPhoneSimulator.ActiveCfg = Ad-Hoc|iPhoneSimulator
		{B7A2AC13-4CBF-436C-A10B-2A6541204D4C}.Ad-Hoc|iPhoneSimulator.Build.0 = Ad-Hoc|iPhoneSimulator
		{B7A2AC13-4CBF-436C-A10B-2A6541204D4C}.AppStore|Any CPU.ActiveCfg = AppStore|iPhone
		{B7A2AC13-4CBF-436C-A10B-2A6541204D4C}.AppStore|iPhone.ActiveCfg = AppStore|iPhone
		{B7A2AC13-4CBF-436C-A10B-2A6541204D4C}.AppStore|iPhone.Build.0 = AppStore|iPhone
		{B7A2AC13-4CBF-436C-A10B-2A6541204D4C}.AppStore|iPhoneSimulator.ActiveCfg = AppStore|iPhoneSimulator
		{B7A2AC13-4CBF-436C-A10B-2A6541204D4C}.AppStore|iPhoneSimulator.Build.0 = AppStore|iPhoneSimulator
		{B7A2AC13-4CBF-436C-A10B-2A6541204D4C}.Debug|Any CPU.ActiveCfg = Debug|iPhone
		{B7A2AC13-4CBF-436C-A10B-2A6541204D4C}.Debug|iPhone.ActiveCfg = Debug|iPhone
		{B7A2AC13-4CBF-436C-A10B-2A6541204D4C}.Debug|iPhone.Build.0 = Debug|iPhone
		{B7A2AC13-4CBF-436C-A10B-2A6541204D4C}.Debug|iPhoneSimulator.ActiveCfg = Debug|iPhoneSimulator
		{B7A2AC13-4CBF-436C-A10B-2A6541204D4C}.Debug|iPhoneSimulator.Build.0 = Debug|iPhoneSimulator
		{B7A2AC13-4CBF-436C-A10B-2A6541204D4C}.Release|Any CPU.ActiveCfg = Release|iPhone
		{B7A2AC13-4CBF-436C-A10B-2A6541204D4C}.Release|iPhone.ActiveCfg = Release|iPhone
		{B7A2AC13-4CBF-436C-A10B-2A6541204D4C}.Release|iPhone.Build.0 = Release|iPhone
		{B7A2AC13-4CBF-436C-A10B-2A6541204D4C}.Release|iPhoneSimulator.ActiveCfg = Release|iPhoneSimulator
		{B7A2AC13-4CBF-436C-A10B-2A6541204D4C}.Release|iPhoneSimulator.Build.0 = Release|iPhoneSimulator
		{3280A5E5-F20F-4246-9874-1F7CECA3FB13}.Ad-Hoc|Any CPU.ActiveCfg = Release|Any CPU
		{3280A5E5-F20F-4246-9874-1F7CECA3FB13}.Ad-Hoc|Any CPU.Build.0 = Release|Any CPU
		{3280A5E5-F20F-4246-9874-1F7CECA3FB13}.Ad-Hoc|Any CPU.Deploy.0 = Release|Any CPU
		{3280A5E5-F20F-4246-9874-1F7CECA3FB13}.Ad-Hoc|iPhone.ActiveCfg = Release|Any CPU
		{3280A5E5-F20F-4246-9874-1F7CECA3FB13}.Ad-Hoc|iPhone.Build.0 = Release|Any CPU
		{3280A5E5-F20F-4246-9874-1F7CECA3FB13}.Ad-Hoc|iPhone.Deploy.0 = Release|Any CPU
		{3280A5E5-F20F-4246-9874-1F7CECA3FB13}.Ad-Hoc|iPhoneSimulator.ActiveCfg = Release|Any CPU
		{3280A5E5-F20F-4246-9874-1F7CECA3FB13}.Ad-Hoc|iPhoneSimulator.Build.0 = Release|Any CPU
		{3280A5E5-F20F-4246-9874-1F7CECA3FB13}.Ad-Hoc|iPhoneSimulator.Deploy.0 = Release|Any CPU
		{3280A5E5-F20F-4246-9874-1F7CECA3FB13}.AppStore|Any CPU.ActiveCfg = Release|Any CPU
		{3280A5E5-F20F-4246-9874-1F7CECA3FB13}.AppStore|Any CPU.Build.0 = Release|Any CPU
		{3280A5E5-F20F-4246-9874-1F7CECA3FB13}.AppStore|Any CPU.Deploy.0 = Release|Any CPU
		{3280A5E5-F20F-4246-9874-1F7CECA3FB13}.AppStore|iPhone.ActiveCfg = Release|Any CPU
		{3280A5E5-F20F-4246-9874-1F7CECA3FB13}.AppStore|iPhone.Build.0 = Release|Any CPU
		{3280A5E5-F20F-4246-9874-1F7CECA3FB13}.AppStore|iPhone.Deploy.0 = Release|Any CPU
		{3280A5E5-F20F-4246-9874-1F7CECA3FB13}.AppStore|iPhoneSimulator.ActiveCfg = Release|Any CPU
		{3280A5E5-F20F-4246-9874-1F7CECA3FB13}.AppStore|iPhoneSimulator.Build.0 = Release|Any CPU
		{3280A5E5-F20F-4246-9874-1F7CECA3FB13}.AppStore|iPhoneSimulator.Deploy.0 = Release|Any CPU
		{3280A5E5-F20F-4246-9874-1F7CECA3FB13}.Debug|Any CPU.ActiveCfg = Debug|Any CPU
		{3280A5E5-F20F-4246-9874-1F7CECA3FB13}.Debug|Any CPU.Build.0 = Debug|Any CPU
		{3280A5E5-F20F-4246-9874-1F7CECA3FB13}.Debug|Any CPU.Deploy.0 = Debug|Any CPU
		{3280A5E5-F20F-4246-9874-1F7CECA3FB13}.Debug|iPhone.ActiveCfg = Debug|Any CPU
		{3280A5E5-F20F-4246-9874-1F7CECA3FB13}.Debug|iPhone.Build.0 = Debug|Any CPU
		{3280A5E5-F20F-4246-9874-1F7CECA3FB13}.Debug|iPhone.Deploy.0 = Debug|Any CPU
		{3280A5E5-F20F-4246-9874-1F7CECA3FB13}.Debug|iPhoneSimulator.ActiveCfg = Debug|Any CPU
		{3280A5E5-F20F-4246-9874-1F7CECA3FB13}.Debug|iPhoneSimulator.Build.0 = Debug|Any CPU
		{3280A5E5-F20F-4246-9874-1F7CECA3FB13}.Debug|iPhoneSimulator.Deploy.0 = Debug|Any CPU
		{3280A5E5-F20F-4246-9874-1F7CECA3FB13}.Release|Any CPU.ActiveCfg = Release|Any CPU
		{3280A5E5-F20F-4246-9874-1F7CECA3FB13}.Release|Any CPU.Build.0 = Release|Any CPU
		{3280A5E5-F20F-4246-9874-1F7CECA3FB13}.Release|Any CPU.Deploy.0 = Release|Any CPU
		{3280A5E5-F20F-4246-9874-1F7CECA3FB13}.Release|iPhone.ActiveCfg = Release|Any CPU
		{3280A5E5-F20F-4246-9874-1F7CECA3FB13}.Release|iPhone.Build.0 = Release|Any CPU
		{3280A5E5-F20F-4246-9874-1F7CECA3FB13}.Release|iPhone.Deploy.0 = Release|Any CPU
		{3280A5E5-F20F-4246-9874-1F7CECA3FB13}.Release|iPhoneSimulator.ActiveCfg = Release|Any CPU
		{3280A5E5-F20F-4246-9874-1F7CECA3FB13}.Release|iPhoneSimulator.Build.0 = Release|Any CPU
		{3280A5E5-F20F-4246-9874-1F7CECA3FB13}.Release|iPhoneSimulator.Deploy.0 = Release|Any CPU
		{80A96B52-6758-4BDB-B0B4-CEA4CA155C60}.Ad-Hoc|Any CPU.ActiveCfg = Release|iPhone
		{80A96B52-6758-4BDB-B0B4-CEA4CA155C60}.Ad-Hoc|Any CPU.Build.0 = Release|iPhone
		{80A96B52-6758-4BDB-B0B4-CEA4CA155C60}.Ad-Hoc|iPhone.ActiveCfg = Release|iPhone
		{80A96B52-6758-4BDB-B0B4-CEA4CA155C60}.Ad-Hoc|iPhone.Build.0 = Release|iPhone
		{80A96B52-6758-4BDB-B0B4-CEA4CA155C60}.Ad-Hoc|iPhoneSimulator.ActiveCfg = Release|iPhoneSimulator
		{80A96B52-6758-4BDB-B0B4-CEA4CA155C60}.Ad-Hoc|iPhoneSimulator.Build.0 = Release|iPhoneSimulator
		{80A96B52-6758-4BDB-B0B4-CEA4CA155C60}.AppStore|Any CPU.ActiveCfg = Release|iPhone
		{80A96B52-6758-4BDB-B0B4-CEA4CA155C60}.AppStore|Any CPU.Build.0 = Release|iPhone
		{80A96B52-6758-4BDB-B0B4-CEA4CA155C60}.AppStore|iPhone.ActiveCfg = Release|iPhone
		{80A96B52-6758-4BDB-B0B4-CEA4CA155C60}.AppStore|iPhone.Build.0 = Release|iPhone
		{80A96B52-6758-4BDB-B0B4-CEA4CA155C60}.AppStore|iPhoneSimulator.ActiveCfg = Release|iPhoneSimulator
		{80A96B52-6758-4BDB-B0B4-CEA4CA155C60}.AppStore|iPhoneSimulator.Build.0 = Release|iPhoneSimulator
		{80A96B52-6758-4BDB-B0B4-CEA4CA155C60}.Debug|Any CPU.ActiveCfg = Debug|iPhone
		{80A96B52-6758-4BDB-B0B4-CEA4CA155C60}.Debug|iPhone.ActiveCfg = Debug|iPhone
		{80A96B52-6758-4BDB-B0B4-CEA4CA155C60}.Debug|iPhone.Build.0 = Debug|iPhone
		{80A96B52-6758-4BDB-B0B4-CEA4CA155C60}.Debug|iPhoneSimulator.ActiveCfg = Debug|iPhoneSimulator
		{80A96B52-6758-4BDB-B0B4-CEA4CA155C60}.Debug|iPhoneSimulator.Build.0 = Debug|iPhoneSimulator
		{80A96B52-6758-4BDB-B0B4-CEA4CA155C60}.Release|Any CPU.ActiveCfg = Release|iPhone
		{80A96B52-6758-4BDB-B0B4-CEA4CA155C60}.Release|iPhone.ActiveCfg = Release|iPhone
		{80A96B52-6758-4BDB-B0B4-CEA4CA155C60}.Release|iPhone.Build.0 = Release|iPhone
		{80A96B52-6758-4BDB-B0B4-CEA4CA155C60}.Release|iPhoneSimulator.ActiveCfg = Release|iPhoneSimulator
		{80A96B52-6758-4BDB-B0B4-CEA4CA155C60}.Release|iPhoneSimulator.Build.0 = Release|iPhoneSimulator
	EndGlobalSection
	GlobalSection(SolutionProperties) = preSolution
		HideSolutionNode = FALSE
	EndGlobalSection
	GlobalSection(ExtensibilityGlobals) = postSolution
		SolutionGuid = {6C6DE9C7-F4C5-4640-A520-FCFDE051FBCF}
	EndGlobalSection
EndGlobal
